
Microsoft Visual Studio Solution File, Format Version 12.00
# Visual Studio Version 17
VisualStudioVersion = 17.0.32126.317
MinimumVisualStudioVersion = 10.0.40219.1
Project("{9A19103F-16F7-4668-BE54-9A1E7A4F7556}") = "Selenium_Framework", "Selenium_Framework.csproj", "{16D37374-E592-4EE8-B386-865A7D66E589}"
EndProject
Global
	GlobalSection(SolutionConfigurationPlatforms) = preSolution
		Debug|Any CPU = Debug|Any CPU
		Release|Any CPU = Release|Any CPU
	EndGlobalSection
	GlobalSection(ProjectConfigurationPlatforms) = postSolution
		{16D37374-E592-4EE8-B386-865A7D66E589}.Debug|Any CPU.ActiveCfg = Debug|Any CPU
		{16D37374-E592-4EE8-B386-865A7D66E589}.Debug|Any CPU.Build.0 = Debug|Any CPU
		{16D37374-E592-4EE8-B386-865A7D66E589}.Release|Any CPU.ActiveCfg = Release|Any CPU
		{16D37374-E592-4EE8-B386-865A7D66E589}.Release|Any CPU.Build.0 = Release|Any CPU
	EndGlobalSection
	GlobalSection(SolutionProperties) = preSolution
		HideSolutionNode = FALSE
	EndGlobalSection
	GlobalSection(ExtensibilityGlobals) = postSolution
		SolutionGuid = {5524FB40-8E7A-48BA-B308-1AA9B0B40913}
	EndGlobalSection
EndGlobal
